// !$*UTF8*$!
{
	archiveVersion = 1;
	classes = {
	};
	objectVersion = 55;
	objects = {

/* Begin PBXBuildFile section */
		70A0016D27A65A6900053B39 /* AppDelegate.swift in Sources */ = {isa = PBXBuildFile; fileRef = 70A0016C27A65A6900053B39 /* AppDelegate.swift */; };
		70A0016F27A65A6900053B39 /* SceneDelegate.swift in Sources */ = {isa = PBXBuildFile; fileRef = 70A0016E27A65A6900053B39 /* SceneDelegate.swift */; };
		70A0017127A65A6900053B39 /* DashboardViewController.swift in Sources */ = {isa = PBXBuildFile; fileRef = 70A0017027A65A6900053B39 /* DashboardViewController.swift */; };
		70A0017627A65A6A00053B39 /* Assets.xcassets in Resources */ = {isa = PBXBuildFile; fileRef = 70A0017527A65A6A00053B39 /* Assets.xcassets */; };
		70A0017927A65A6A00053B39 /* LaunchScreen.storyboard in Resources */ = {isa = PBXBuildFile; fileRef = 70A0017727A65A6A00053B39 /* LaunchScreen.storyboard */; };
		70A0018427A65A6A00053B39 /* ExplorationTests.swift in Sources */ = {isa = PBXBuildFile; fileRef = 70A0018327A65A6A00053B39 /* ExplorationTests.swift */; };
		70A0018E27A65A6A00053B39 /* ExplorationUITests.swift in Sources */ = {isa = PBXBuildFile; fileRef = 70A0018D27A65A6A00053B39 /* ExplorationUITests.swift */; };
		70A0019027A65A6A00053B39 /* ExplorationUITestsLaunchTests.swift in Sources */ = {isa = PBXBuildFile; fileRef = 70A0018F27A65A6A00053B39 /* ExplorationUITestsLaunchTests.swift */; };
		70A0019F27A65FDD00053B39 /* DashboardCollectionViewCell.swift in Sources */ = {isa = PBXBuildFile; fileRef = 70A0019E27A65FDD00053B39 /* DashboardCollectionViewCell.swift */; };
		70A001A127A6614600053B39 /* DashboardLayout.swift in Sources */ = {isa = PBXBuildFile; fileRef = 70A001A027A6614600053B39 /* DashboardLayout.swift */; };
		70A001A327A722F900053B39 /* DashboardViewModel.swift in Sources */ = {isa = PBXBuildFile; fileRef = 70A001A227A722F900053B39 /* DashboardViewModel.swift */; };
		70A001A627A7239000053B39 /* Dashboard.swift in Sources */ = {isa = PBXBuildFile; fileRef = 70A001A527A7239000053B39 /* Dashboard.swift */; };
		70A001A827A7287B00053B39 /* ReusableTile.swift in Sources */ = {isa = PBXBuildFile; fileRef = 70A001A727A7287B00053B39 /* ReusableTile.swift */; };
		70A001AA27A72A7900053B39 /* ReusableDashboardCollectionViewCell.swift in Sources */ = {isa = PBXBuildFile; fileRef = 70A001A927A72A7900053B39 /* ReusableDashboardCollectionViewCell.swift */; };
		70A001AC27A72DBE00053B39 /* UIView+Extensions.swift in Sources */ = {isa = PBXBuildFile; fileRef = 70A001AB27A72DBE00053B39 /* UIView+Extensions.swift */; };
/* End PBXBuildFile section */

/* Begin PBXContainerItemProxy section */
		70A0018027A65A6A00053B39 /* PBXContainerItemProxy */ = {
			isa = PBXContainerItemProxy;
			containerPortal = 70A0016127A65A6900053B39 /* Project object */;
			proxyType = 1;
			remoteGlobalIDString = 70A0016827A65A6900053B39;
			remoteInfo = Exploration;
		};
		70A0018A27A65A6A00053B39 /* PBXContainerItemProxy */ = {
			isa = PBXContainerItemProxy;
			containerPortal = 70A0016127A65A6900053B39 /* Project object */;
			proxyType = 1;
			remoteGlobalIDString = 70A0016827A65A6900053B39;
			remoteInfo = Exploration;
		};
/* End PBXContainerItemProxy section */

/* Begin PBXFileReference section */
		70A0016927A65A6900053B39 /* Exploration.app */ = {isa = PBXFileReference; explicitFileType = wrapper.application; includeInIndex = 0; path = Exploration.app; sourceTree = BUILT_PRODUCTS_DIR; };
		70A0016C27A65A6900053B39 /* AppDelegate.swift */ = {isa = PBXFileReference; lastKnownFileType = sourcecode.swift; path = AppDelegate.swift; sourceTree = "<group>"; };
		70A0016E27A65A6900053B39 /* SceneDelegate.swift */ = {isa = PBXFileReference; lastKnownFileType = sourcecode.swift; path = SceneDelegate.swift; sourceTree = "<group>"; };
		70A0017027A65A6900053B39 /* DashboardViewController.swift */ = {isa = PBXFileReference; lastKnownFileType = sourcecode.swift; path = DashboardViewController.swift; sourceTree = "<group>"; };
		70A0017527A65A6A00053B39 /* Assets.xcassets */ = {isa = PBXFileReference; lastKnownFileType = folder.assetcatalog; path = Assets.xcassets; sourceTree = "<group>"; };
		70A0017827A65A6A00053B39 /* Base */ = {isa = PBXFileReference; lastKnownFileType = file.storyboard; name = Base; path = Base.lproj/LaunchScreen.storyboard; sourceTree = "<group>"; };
		70A0017A27A65A6A00053B39 /* Info.plist */ = {isa = PBXFileReference; lastKnownFileType = text.plist.xml; path = Info.plist; sourceTree = "<group>"; };
		70A0017F27A65A6A00053B39 /* ExplorationTests.xctest */ = {isa = PBXFileReference; explicitFileType = wrapper.cfbundle; includeInIndex = 0; path = ExplorationTests.xctest; sourceTree = BUILT_PRODUCTS_DIR; };
		70A0018327A65A6A00053B39 /* ExplorationTests.swift */ = {isa = PBXFileReference; lastKnownFileType = sourcecode.swift; path = ExplorationTests.swift; sourceTree = "<group>"; };
		70A0018927A65A6A00053B39 /* ExplorationUITests.xctest */ = {isa = PBXFileReference; explicitFileType = wrapper.cfbundle; includeInIndex = 0; path = ExplorationUITests.xctest; sourceTree = BUILT_PRODUCTS_DIR; };
		70A0018D27A65A6A00053B39 /* ExplorationUITests.swift */ = {isa = PBXFileReference; lastKnownFileType = sourcecode.swift; path = ExplorationUITests.swift; sourceTree = "<group>"; };
		70A0018F27A65A6A00053B39 /* ExplorationUITestsLaunchTests.swift */ = {isa = PBXFileReference; lastKnownFileType = sourcecode.swift; path = ExplorationUITestsLaunchTests.swift; sourceTree = "<group>"; };
		70A0019E27A65FDD00053B39 /* DashboardCollectionViewCell.swift */ = {isa = PBXFileReference; lastKnownFileType = sourcecode.swift; path = DashboardCollectionViewCell.swift; sourceTree = "<group>"; };
		70A001A027A6614600053B39 /* DashboardLayout.swift */ = {isa = PBXFileReference; lastKnownFileType = sourcecode.swift; path = DashboardLayout.swift; sourceTree = "<group>"; };
		70A001A227A722F900053B39 /* DashboardViewModel.swift */ = {isa = PBXFileReference; lastKnownFileType = sourcecode.swift; path = DashboardViewModel.swift; sourceTree = "<group>"; };
		70A001A527A7239000053B39 /* Dashboard.swift */ = {isa = PBXFileReference; lastKnownFileType = sourcecode.swift; path = Dashboard.swift; sourceTree = "<group>"; };
		70A001A727A7287B00053B39 /* ReusableTile.swift */ = {isa = PBXFileReference; lastKnownFileType = sourcecode.swift; path = ReusableTile.swift; sourceTree = "<group>"; };
		70A001A927A72A7900053B39 /* ReusableDashboardCollectionViewCell.swift */ = {isa = PBXFileReference; lastKnownFileType = sourcecode.swift; path = ReusableDashboardCollectionViewCell.swift; sourceTree = "<group>"; };
		70A001AB27A72DBE00053B39 /* UIView+Extensions.swift */ = {isa = PBXFileReference; lastKnownFileType = sourcecode.swift; path = "UIView+Extensions.swift"; sourceTree = "<group>"; };
/* End PBXFileReference section */

/* Begin PBXFrameworksBuildPhase section */
		70A0016627A65A6900053B39 /* Frameworks */ = {
			isa = PBXFrameworksBuildPhase;
			buildActionMask = 2147483647;
			files = (
			);
			runOnlyForDeploymentPostprocessing = 0;
		};
		70A0017C27A65A6A00053B39 /* Frameworks */ = {
			isa = PBXFrameworksBuildPhase;
			buildActionMask = 2147483647;
			files = (
			);
			runOnlyForDeploymentPostprocessing = 0;
		};
		70A0018627A65A6A00053B39 /* Frameworks */ = {
			isa = PBXFrameworksBuildPhase;
			buildActionMask = 2147483647;
			files = (
			);
			runOnlyForDeploymentPostprocessing = 0;
		};
/* End PBXFrameworksBuildPhase section */

/* Begin PBXGroup section */
		70A0016027A65A6900053B39 = {
			isa = PBXGroup;
			children = (
				70A0016B27A65A6900053B39 /* Exploration */,
				70A0018227A65A6A00053B39 /* ExplorationTests */,
				70A0018C27A65A6A00053B39 /* ExplorationUITests */,
				70A0016A27A65A6900053B39 /* Products */,
			);
			sourceTree = "<group>";
		};
		70A0016A27A65A6900053B39 /* Products */ = {
			isa = PBXGroup;
			children = (
				70A0016927A65A6900053B39 /* Exploration.app */,
				70A0017F27A65A6A00053B39 /* ExplorationTests.xctest */,
				70A0018927A65A6A00053B39 /* ExplorationUITests.xctest */,
			);
			name = Products;
			sourceTree = "<group>";
		};
		70A0016B27A65A6900053B39 /* Exploration */ = {
			isa = PBXGroup;
			children = (
				70A0019D27A65D1400053B39 /* Source */,
				70A0017527A65A6A00053B39 /* Assets.xcassets */,
				70A0017727A65A6A00053B39 /* LaunchScreen.storyboard */,
				70A0017A27A65A6A00053B39 /* Info.plist */,
			);
			path = Exploration;
			sourceTree = "<group>";
		};
		70A0018227A65A6A00053B39 /* ExplorationTests */ = {
			isa = PBXGroup;
			children = (
				70A0018327A65A6A00053B39 /* ExplorationTests.swift */,
			);
			path = ExplorationTests;
			sourceTree = "<group>";
		};
		70A0018C27A65A6A00053B39 /* ExplorationUITests */ = {
			isa = PBXGroup;
			children = (
				70A0018D27A65A6A00053B39 /* ExplorationUITests.swift */,
				70A0018F27A65A6A00053B39 /* ExplorationUITestsLaunchTests.swift */,
			);
			path = ExplorationUITests;
			sourceTree = "<group>";
		};
		70A0019C27A65CD700053B39 /* Core */ = {
			isa = PBXGroup;
			children = (
				70A0016C27A65A6900053B39 /* AppDelegate.swift */,
				70A0016E27A65A6900053B39 /* SceneDelegate.swift */,
			);
			path = Core;
			sourceTree = "<group>";
		};
		70A0019D27A65D1400053B39 /* Source */ = {
			isa = PBXGroup;
			children = (
				70A001A427A7237F00053B39 /* Dashboard */,
				70A0019C27A65CD700053B39 /* Core */,
				70A001AB27A72DBE00053B39 /* UIView+Extensions.swift */,
			);
			path = Source;
			sourceTree = "<group>";
		};
		70A001A427A7237F00053B39 /* Dashboard */ = {
			isa = PBXGroup;
			children = (
				70A001A527A7239000053B39 /* Dashboard.swift */,
				70A001A027A6614600053B39 /* DashboardLayout.swift */,
				70A0017027A65A6900053B39 /* DashboardViewController.swift */,
				70A001A227A722F900053B39 /* DashboardViewModel.swift */,
				70A0019E27A65FDD00053B39 /* DashboardCollectionViewCell.swift */,
				70A001A727A7287B00053B39 /* ReusableTile.swift */,
				70A001A927A72A7900053B39 /* ReusableDashboardCollectionViewCell.swift */,
			);
			path = Dashboard;
			sourceTree = "<group>";
		};
/* End PBXGroup section */

/* Begin PBXNativeTarget section */
		70A0016827A65A6900053B39 /* Exploration */ = {
			isa = PBXNativeTarget;
			buildConfigurationList = 70A0019327A65A6A00053B39 /* Build configuration list for PBXNativeTarget "Exploration" */;
			buildPhases = (
				70A0016527A65A6900053B39 /* Sources */,
				70A0016627A65A6900053B39 /* Frameworks */,
				70A0016727A65A6900053B39 /* Resources */,
			);
			buildRules = (
			);
			dependencies = (
			);
			name = Exploration;
			productName = Exploration;
			productReference = 70A0016927A65A6900053B39 /* Exploration.app */;
			productType = "com.apple.product-type.application";
		};
		70A0017E27A65A6A00053B39 /* ExplorationTests */ = {
			isa = PBXNativeTarget;
			buildConfigurationList = 70A0019627A65A6A00053B39 /* Build configuration list for PBXNativeTarget "ExplorationTests" */;
			buildPhases = (
				70A0017B27A65A6A00053B39 /* Sources */,
				70A0017C27A65A6A00053B39 /* Frameworks */,
				70A0017D27A65A6A00053B39 /* Resources */,
			);
			buildRules = (
			);
			dependencies = (
				70A0018127A65A6A00053B39 /* PBXTargetDependency */,
			);
			name = ExplorationTests;
			productName = ExplorationTests;
			productReference = 70A0017F27A65A6A00053B39 /* ExplorationTests.xctest */;
			productType = "com.apple.product-type.bundle.unit-test";
		};
		70A0018827A65A6A00053B39 /* ExplorationUITests */ = {
			isa = PBXNativeTarget;
			buildConfigurationList = 70A0019927A65A6A00053B39 /* Build configuration list for PBXNativeTarget "ExplorationUITests" */;
			buildPhases = (
				70A0018527A65A6A00053B39 /* Sources */,
				70A0018627A65A6A00053B39 /* Frameworks */,
				70A0018727A65A6A00053B39 /* Resources */,
			);
			buildRules = (
			);
			dependencies = (
				70A0018B27A65A6A00053B39 /* PBXTargetDependency */,
			);
			name = ExplorationUITests;
			productName = ExplorationUITests;
			productReference = 70A0018927A65A6A00053B39 /* ExplorationUITests.xctest */;
			productType = "com.apple.product-type.bundle.ui-testing";
		};
/* End PBXNativeTarget section */

/* Begin PBXProject section */
		70A0016127A65A6900053B39 /* Project object */ = {
			isa = PBXProject;
			attributes = {
				BuildIndependentTargetsInParallel = 1;
				LastSwiftUpdateCheck = 1320;
				LastUpgradeCheck = 1320;
				TargetAttributes = {
					70A0016827A65A6900053B39 = {
						CreatedOnToolsVersion = 13.2.1;
					};
					70A0017E27A65A6A00053B39 = {
						CreatedOnToolsVersion = 13.2.1;
						TestTargetID = 70A0016827A65A6900053B39;
					};
					70A0018827A65A6A00053B39 = {
						CreatedOnToolsVersion = 13.2.1;
						TestTargetID = 70A0016827A65A6900053B39;
					};
				};
			};
			buildConfigurationList = 70A0016427A65A6900053B39 /* Build configuration list for PBXProject "Exploration" */;
			compatibilityVersion = "Xcode 13.0";
			developmentRegion = en;
			hasScannedForEncodings = 0;
			knownRegions = (
				en,
				Base,
			);
			mainGroup = 70A0016027A65A6900053B39;
			productRefGroup = 70A0016A27A65A6900053B39 /* Products */;
			projectDirPath = "";
			projectRoot = "";
			targets = (
				70A0016827A65A6900053B39 /* Exploration */,
				70A0017E27A65A6A00053B39 /* ExplorationTests */,
				70A0018827A65A6A00053B39 /* ExplorationUITests */,
			);
		};
/* End PBXProject section */

/* Begin PBXResourcesBuildPhase section */
		70A0016727A65A6900053B39 /* Resources */ = {
			isa = PBXResourcesBuildPhase;
			buildActionMask = 2147483647;
			files = (
				70A0017927A65A6A00053B39 /* LaunchScreen.storyboard in Resources */,
				70A0017627A65A6A00053B39 /* Assets.xcassets in Resources */,
			);
			runOnlyForDeploymentPostprocessing = 0;
		};
		70A0017D27A65A6A00053B39 /* Resources */ = {
			isa = PBXResourcesBuildPhase;
			buildActionMask = 2147483647;
			files = (
			);
			runOnlyForDeploymentPostprocessing = 0;
		};
		70A0018727A65A6A00053B39 /* Resources */ = {
			isa = PBXResourcesBuildPhase;
			buildActionMask = 2147483647;
			files = (
			);
			runOnlyForDeploymentPostprocessing = 0;
		};
/* End PBXResourcesBuildPhase section */

/* Begin PBXSourcesBuildPhase section */
		70A0016527A65A6900053B39 /* Sources */ = {
			isa = PBXSourcesBuildPhase;
			buildActionMask = 2147483647;
			files = (
				70A001AA27A72A7900053B39 /* ReusableDashboardCollectionViewCell.swift in Sources */,
				70A0017127A65A6900053B39 /* DashboardViewController.swift in Sources */,
				70A0016D27A65A6900053B39 /* AppDelegate.swift in Sources */,
				70A001AC27A72DBE00053B39 /* UIView+Extensions.swift in Sources */,
				70A001A127A6614600053B39 /* DashboardLayout.swift in Sources */,
				70A001A327A722F900053B39 /* DashboardViewModel.swift in Sources */,
				70A0019F27A65FDD00053B39 /* DashboardCollectionViewCell.swift in Sources */,
				70A001A627A7239000053B39 /* Dashboard.swift in Sources */,
				70A001A827A7287B00053B39 /* ReusableTile.swift in Sources */,
				70A0016F27A65A6900053B39 /* SceneDelegate.swift in Sources */,
			);
			runOnlyForDeploymentPostprocessing = 0;
		};
		70A0017B27A65A6A00053B39 /* Sources */ = {
			isa = PBXSourcesBuildPhase;
			buildActionMask = 2147483647;
			files = (
				70A0018427A65A6A00053B39 /* ExplorationTests.swift in Sources */,
			);
			runOnlyForDeploymentPostprocessing = 0;
		};
		70A0018527A65A6A00053B39 /* Sources */ = {
			isa = PBXSourcesBuildPhase;
			buildActionMask = 2147483647;
			files = (
				70A0019027A65A6A00053B39 /* ExplorationUITestsLaunchTests.swift in Sources */,
				70A0018E27A65A6A00053B39 /* ExplorationUITests.swift in Sources */,
			);
			runOnlyForDeploymentPostprocessing = 0;
		};
/* End PBXSourcesBuildPhase section */

/* Begin PBXTargetDependency section */
		70A0018127A65A6A00053B39 /* PBXTargetDependency */ = {
			isa = PBXTargetDependency;
			target = 70A0016827A65A6900053B39 /* Exploration */;
			targetProxy = 70A0018027A65A6A00053B39 /* PBXContainerItemProxy */;
		};
		70A0018B27A65A6A00053B39 /* PBXTargetDependency */ = {
			isa = PBXTargetDependency;
			target = 70A0016827A65A6900053B39 /* Exploration */;
			targetProxy = 70A0018A27A65A6A00053B39 /* PBXContainerItemProxy */;
		};
/* End PBXTargetDependency section */

/* Begin PBXVariantGroup section */
		70A0017727A65A6A00053B39 /* LaunchScreen.storyboard */ = {
			isa = PBXVariantGroup;
			children = (
				70A0017827A65A6A00053B39 /* Base */,
			);
			name = LaunchScreen.storyboard;
			sourceTree = "<group>";
		};
/* End PBXVariantGroup section */

/* Begin XCBuildConfiguration section */
		70A0019127A65A6A00053B39 /* Debug */ = {
			isa = XCBuildConfiguration;
			buildSettings = {
				ALWAYS_SEARCH_USER_PATHS = NO;
				CLANG_ANALYZER_NONNULL = YES;
				CLANG_ANALYZER_NUMBER_OBJECT_CONVERSION = YES_AGGRESSIVE;
				CLANG_CXX_LANGUAGE_STANDARD = "gnu++17";
				CLANG_CXX_LIBRARY = "libc++";
				CLANG_ENABLE_MODULES = YES;
				CLANG_ENABLE_OBJC_ARC = YES;
				CLANG_ENABLE_OBJC_WEAK = YES;
				CLANG_WARN_BLOCK_CAPTURE_AUTORELEASING = YES;
				CLANG_WARN_BOOL_CONVERSION = YES;
				CLANG_WARN_COMMA = YES;
				CLANG_WARN_CONSTANT_CONVERSION = YES;
				CLANG_WARN_DEPRECATED_OBJC_IMPLEMENTATIONS = YES;
				CLANG_WARN_DIRECT_OBJC_ISA_USAGE = YES_ERROR;
				CLANG_WARN_DOCUMENTATION_COMMENTS = YES;
				CLANG_WARN_EMPTY_BODY = YES;
				CLANG_WARN_ENUM_CONVERSION = YES;
				CLANG_WARN_INFINITE_RECURSION = YES;
				CLANG_WARN_INT_CONVERSION = YES;
				CLANG_WARN_NON_LITERAL_NULL_CONVERSION = YES;
				CLANG_WARN_OBJC_IMPLICIT_RETAIN_SELF = YES;
				CLANG_WARN_OBJC_LITERAL_CONVERSION = YES;
				CLANG_WARN_OBJC_ROOT_CLASS = YES_ERROR;
				CLANG_WARN_QUOTED_INCLUDE_IN_FRAMEWORK_HEADER = YES;
				CLANG_WARN_RANGE_LOOP_ANALYSIS = YES;
				CLANG_WARN_STRICT_PROTOTYPES = YES;
				CLANG_WARN_SUSPICIOUS_MOVE = YES;
				CLANG_WARN_UNGUARDED_AVAILABILITY = YES_AGGRESSIVE;
				CLANG_WARN_UNREACHABLE_CODE = YES;
				CLANG_WARN__DUPLICATE_METHOD_MATCH = YES;
				COPY_PHASE_STRIP = NO;
				DEBUG_INFORMATION_FORMAT = dwarf;
				ENABLE_STRICT_OBJC_MSGSEND = YES;
				ENABLE_TESTABILITY = YES;
				GCC_C_LANGUAGE_STANDARD = gnu11;
				GCC_DYNAMIC_NO_PIC = NO;
				GCC_NO_COMMON_BLOCKS = YES;
				GCC_OPTIMIZATION_LEVEL = 0;
				GCC_PREPROCESSOR_DEFINITIONS = (
					"DEBUG=1",
					"$(inherited)",
				);
				GCC_WARN_64_TO_32_BIT_CONVERSION = YES;
				GCC_WARN_ABOUT_RETURN_TYPE = YES_ERROR;
				GCC_WARN_UNDECLARED_SELECTOR = YES;
				GCC_WARN_UNINITIALIZED_AUTOS = YES_AGGRESSIVE;
				GCC_WARN_UNUSED_FUNCTION = YES;
				GCC_WARN_UNUSED_VARIABLE = YES;
				IPHONEOS_DEPLOYMENT_TARGET = 15.2;
				MTL_ENABLE_DEBUG_INFO = INCLUDE_SOURCE;
				MTL_FAST_MATH = YES;
				ONLY_ACTIVE_ARCH = YES;
				SDKROOT = iphoneos;
				SWIFT_ACTIVE_COMPILATION_CONDITIONS = DEBUG;
				SWIFT_OPTIMIZATION_LEVEL = "-Onone";
			};
			name = Debug;
		};
		70A0019227A65A6A00053B39 /* Release */ = {
			isa = XCBuildConfiguration;
			buildSettings = {
				ALWAYS_SEARCH_USER_PATHS = NO;
				CLANG_ANALYZER_NONNULL = YES;
				CLANG_ANALYZER_NUMBER_OBJECT_CONVERSION = YES_AGGRESSIVE;
				CLANG_CXX_LANGUAGE_STANDARD = "gnu++17";
				CLANG_CXX_LIBRARY = "libc++";
				CLANG_ENABLE_MODULES = YES;
				CLANG_ENABLE_OBJC_ARC = YES;
				CLANG_ENABLE_OBJC_WEAK = YES;
				CLANG_WARN_BLOCK_CAPTURE_AUTORELEASING = YES;
				CLANG_WARN_BOOL_CONVERSION = YES;
				CLANG_WARN_COMMA = YES;
				CLANG_WARN_CONSTANT_CONVERSION = YES;
				CLANG_WARN_DEPRECATED_OBJC_IMPLEMENTATIONS = YES;
				CLANG_WARN_DIRECT_OBJC_ISA_USAGE = YES_ERROR;
				CLANG_WARN_DOCUMENTATION_COMMENTS = YES;
				CLANG_WARN_EMPTY_BODY = YES;
				CLANG_WARN_ENUM_CONVERSION = YES;
				CLANG_WARN_INFINITE_RECURSION = YES;
				CLANG_WARN_INT_CONVERSION = YES;
				CLANG_WARN_NON_LITERAL_NULL_CONVERSION = YES;
				CLANG_WARN_OBJC_IMPLICIT_RETAIN_SELF = YES;
				CLANG_WARN_OBJC_LITERAL_CONVERSION = YES;
				CLANG_WARN_OBJC_ROOT_CLASS = YES_ERROR;
				CLANG_WARN_QUOTED_INCLUDE_IN_FRAMEWORK_HEADER = YES;
				CLANG_WARN_RANGE_LOOP_ANALYSIS = YES;
				CLANG_WARN_STRICT_PROTOTYPES = YES;
				CLANG_WARN_SUSPICIOUS_MOVE = YES;
				CLANG_WARN_UNGUARDED_AVAILABILITY = YES_AGGRESSIVE;
				CLANG_WARN_UNREACHABLE_CODE = YES;
				CLANG_WARN__DUPLICATE_METHOD_MATCH = YES;
				COPY_PHASE_STRIP = NO;
				DEBUG_INFORMATION_FORMAT = "dwarf-with-dsym";
				ENABLE_NS_ASSERTIONS = NO;
				ENABLE_STRICT_OBJC_MSGSEND = YES;
				GCC_C_LANGUAGE_STANDARD = gnu11;
				GCC_NO_COMMON_BLOCKS = YES;
				GCC_WARN_64_TO_32_BIT_CONVERSION = YES;
				GCC_WARN_ABOUT_RETURN_TYPE = YES_ERROR;
				GCC_WARN_UNDECLARED_SELECTOR = YES;
				GCC_WARN_UNINITIALIZED_AUTOS = YES_AGGRESSIVE;
				GCC_WARN_UNUSED_FUNCTION = YES;
				GCC_WARN_UNUSED_VARIABLE = YES;
				IPHONEOS_DEPLOYMENT_TARGET = 15.2;
				MTL_ENABLE_DEBUG_INFO = NO;
				MTL_FAST_MATH = YES;
				SDKROOT = iphoneos;
				SWIFT_COMPILATION_MODE = wholemodule;
				SWIFT_OPTIMIZATION_LEVEL = "-O";
				VALIDATE_PRODUCT = YES;
			};
			name = Release;
		};
		70A0019427A65A6A00053B39 /* Debug */ = {
			isa = XCBuildConfiguration;
			buildSettings = {
				ASSETCATALOG_COMPILER_APPICON_NAME = AppIcon;
				ASSETCATALOG_COMPILER_GLOBAL_ACCENT_COLOR_NAME = AccentColor;
				CODE_SIGN_STYLE = Automatic;
				CURRENT_PROJECT_VERSION = 1;
				DEVELOPMENT_TEAM = XA6TRL85KE;
				GENERATE_INFOPLIST_FILE = YES;
				INFOPLIST_FILE = Exploration/Info.plist;
				INFOPLIST_KEY_UIApplicationSupportsIndirectInputEvents = YES;
				INFOPLIST_KEY_UILaunchStoryboardName = LaunchScreen;
				INFOPLIST_KEY_UISupportedInterfaceOrientations_iPad = "UIInterfaceOrientationPortrait UIInterfaceOrientationPortraitUpsideDown UIInterfaceOrientationLandscapeLeft UIInterfaceOrientationLandscapeRight";
				INFOPLIST_KEY_UISupportedInterfaceOrientations_iPhone = "UIInterfaceOrientationPortrait UIInterfaceOrientationLandscapeLeft UIInterfaceOrientationLandscapeRight";
				LD_RUNPATH_SEARCH_PATHS = (
					"$(inherited)",
					"@executable_path/Frameworks",
				);
				MARKETING_VERSION = 1.0;
				PRODUCT_BUNDLE_IDENTIFIER = com.ryannewlun.Exploration;
				PRODUCT_NAME = "$(TARGET_NAME)";
				SWIFT_EMIT_LOC_STRINGS = YES;
				SWIFT_VERSION = 5.0;
				TARGETED_DEVICE_FAMILY = "1,2";
			};
			name = Debug;
		};
		70A0019527A65A6A00053B39 /* Release */ = {
			isa = XCBuildConfiguration;
			buildSettings = {
				ASSETCATALOG_COMPILER_APPICON_NAME = AppIcon;
				ASSETCATALOG_COMPILER_GLOBAL_ACCENT_COLOR_NAME = AccentColor;
				CODE_SIGN_STYLE = Automatic;
				CURRENT_PROJECT_VERSION = 1;
				DEVELOPMENT_TEAM = XA6TRL85KE;
				GENERATE_INFOPLIST_FILE = YES;
				INFOPLIST_FILE = Exploration/Info.plist;
				INFOPLIST_KEY_UIApplicationSupportsIndirectInputEvents = YES;
				INFOPLIST_KEY_UILaunchStoryboardName = LaunchScreen;
				INFOPLIST_KEY_UISupportedInterfaceOrientations_iPad = "UIInterfaceOrientationPortrait UIInterfaceOrientationPortraitUpsideDown UIInterfaceOrientationLandscapeLeft UIInterfaceOrientationLandscapeRight";
				INFOPLIST_KEY_UISupportedInterfaceOrientations_iPhone = "UIInterfaceOrientationPortrait UIInterfaceOrientationLandscapeLeft UIInterfaceOrientationLandscapeRight";
				LD_RUNPATH_SEARCH_PATHS = (
					"$(inherited)",
					"@executable_path/Frameworks",
				);
				MARKETING_VERSION = 1.0;
				PRODUCT_BUNDLE_IDENTIFIER = com.ryannewlun.Exploration;
				PRODUCT_NAME = "$(TARGET_NAME)";
				SWIFT_EMIT_LOC_STRINGS = YES;
				SWIFT_VERSION = 5.0;
				TARGETED_DEVICE_FAMILY = "1,2";
			};
			name = Release;
		};
		70A0019727A65A6A00053B39 /* Debug */ = {
			isa = XCBuildConfiguration;
			buildSettings = {
				ALWAYS_EMBED_SWIFT_STANDARD_LIBRARIES = YES;
				BUNDLE_LOADER = "$(TEST_HOST)";
				CODE_SIGN_STYLE = Automatic;
				CURRENT_PROJECT_VERSION = 1;
				DEVELOPMENT_TEAM = XA6TRL85KE;
				GENERATE_INFOPLIST_FILE = YES;
				IPHONEOS_DEPLOYMENT_TARGET = 15.2;
				MARKETING_VERSION = 1.0;
				PRODUCT_BUNDLE_IDENTIFIER = com.ryannewlun.ExplorationTests;
				PRODUCT_NAME = "$(TARGET_NAME)";
				SWIFT_EMIT_LOC_STRINGS = NO;
				SWIFT_VERSION = 5.0;
				TARGETED_DEVICE_FAMILY = "1,2";
				TEST_HOST = "$(BUILT_PRODUCTS_DIR)/Exploration.app/Exploration";
			};
			name = Debug;
		};
		70A0019827A65A6A00053B39 /* Release */ = {
			isa = XCBuildConfiguration;
			buildSettings = {
				ALWAYS_EMBED_SWIFT_STANDARD_LIBRARIES = YES;
				BUNDLE_LOADER = "$(TEST_HOST)";
				CODE_SIGN_STYLE = Automatic;
				CURRENT_PROJECT_VERSION = 1;
				DEVELOPMENT_TEAM = XA6TRL85KE;
				GENERATE_INFOPLIST_FILE = YES;
				IPHONEOS_DEPLOYMENT_TARGET = 15.2;
				MARKETING_VERSION = 1.0;
				PRODUCT_BUNDLE_IDENTIFIER = com.ryannewlun.ExplorationTests;
				PRODUCT_NAME = "$(TARGET_NAME)";
				SWIFT_EMIT_LOC_STRINGS = NO;
				SWIFT_VERSION = 5.0;
				TARGETED_DEVICE_FAMILY = "1,2";
				TEST_HOST = "$(BUILT_PRODUCTS_DIR)/Exploration.app/Exploration";
			};
			name = Release;
		};
		70A0019A27A65A6A00053B39 /* Debug */ = {
			isa = XCBuildConfiguration;
			buildSettings = {
				ALWAYS_EMBED_SWIFT_STANDARD_LIBRARIES = YES;
				CODE_SIGN_STYLE = Automatic;
				CURRENT_PROJECT_VERSION = 1;
				DEVELOPMENT_TEAM = XA6TRL85KE;
				GENERATE_INFOPLIST_FILE = YES;
				MARKETING_VERSION = 1.0;
				PRODUCT_BUNDLE_IDENTIFIER = com.ryannewlun.ExplorationUITests;
				PRODUCT_NAME = "$(TARGET_NAME)";
				SWIFT_EMIT_LOC_STRINGS = NO;
				SWIFT_VERSION = 5.0;
				TARGETED_DEVICE_FAMILY = "1,2";
				TEST_TARGET_NAME = Exploration;
			};
			name = Debug;
		};
		70A0019B27A65A6A00053B39 /* Release */ = {
			isa = XCBuildConfiguration;
			buildSettings = {
				ALWAYS_EMBED_SWIFT_STANDARD_LIBRARIES = YES;
				CODE_SIGN_STYLE = Automatic;
				CURRENT_PROJECT_VERSION = 1;
				DEVELOPMENT_TEAM = XA6TRL85KE;
				GENERATE_INFOPLIST_FILE = YES;
				MARKETING_VERSION = 1.0;
				PRODUCT_BUNDLE_IDENTIFIER = com.ryannewlun.ExplorationUITests;
				PRODUCT_NAME = "$(TARGET_NAME)";
				SWIFT_EMIT_LOC_STRINGS = NO;
				SWIFT_VERSION = 5.0;
				TARGETED_DEVICE_FAMILY = "1,2";
				TEST_TARGET_NAME = Exploration;
			};
			name = Release;
		};
/* End XCBuildConfiguration section */

/* Begin XCConfigurationList section */
		70A0016427A65A6900053B39 /* Build configuration list for PBXProject "Exploration" */ = {
			isa = XCConfigurationList;
			buildConfigurations = (
				70A0019127A65A6A00053B39 /* Debug */,
				70A0019227A65A6A00053B39 /* Release */,
			);
			defaultConfigurationIsVisible = 0;
			defaultConfigurationName = Release;
		};
		70A0019327A65A6A00053B39 /* Build configuration list for PBXNativeTarget "Exploration" */ = {
			isa = XCConfigurationList;
			buildConfigurations = (
				70A0019427A65A6A00053B39 /* Debug */,
				70A0019527A65A6A00053B39 /* Release */,
			);
			defaultConfigurationIsVisible = 0;
			defaultConfigurationName = Release;
		};
		70A0019627A65A6A00053B39 /* Build configuration list for PBXNativeTarget "ExplorationTests" */ = {
			isa = XCConfigurationList;
			buildConfigurations = (
				70A0019727A65A6A00053B39 /* Debug */,
				70A0019827A65A6A00053B39 /* Release */,
			);
			defaultConfigurationIsVisible = 0;
			defaultConfigurationName = Release;
		};
		70A0019927A65A6A00053B39 /* Build configuration list for PBXNativeTarget "ExplorationUITests" */ = {
			isa = XCConfigurationList;
			buildConfigurations = (
				70A0019A27A65A6A00053B39 /* Debug */,
				70A0019B27A65A6A00053B39 /* Release */,
			);
			defaultConfigurationIsVisible = 0;
			defaultConfigurationName = Release;
		};
/* End XCConfigurationList section */
	};
	rootObject = 70A0016127A65A6900053B39 /* Project object */;
}
